
Microsoft Visual Studio Solution File, Format Version 12.00
# Visual Studio Version 16
VisualStudioVersion = 16.0.30907.101
MinimumVisualStudioVersion = 10.0.40219.1
Project("{F184B08F-C81C-45F6-A57F-5ABD9991F28F}") = "Projet-VBNet", "Projet-VBNet\Projet-VBNet.vbproj", "{080E38A5-3644-4F9A-8921-4933ACA98AEF}"
EndProject
Global
	GlobalSection(SolutionConfigurationPlatforms) = preSolution
		Debug|Any CPU = Debug|Any CPU
		Release|Any CPU = Release|Any CPU
	EndGlobalSection
	GlobalSection(ProjectConfigurationPlatforms) = postSolution
		{080E38A5-3644-4F9A-8921-4933ACA98AEF}.Debug|Any CPU.ActiveCfg = Debug|Any CPU
		{080E38A5-3644-4F9A-8921-4933ACA98AEF}.Debug|Any CPU.Build.0 = Debug|Any CPU
		{080E38A5-3644-4F9A-8921-4933ACA98AEF}.Release|Any CPU.ActiveCfg = Release|Any CPU
		{080E38A5-3644-4F9A-8921-4933ACA98AEF}.Release|Any CPU.Build.0 = Release|Any CPU
	EndGlobalSection
	GlobalSection(SolutionProperties) = preSolution
		HideSolutionNode = FALSE
	EndGlobalSection
	GlobalSection(ExtensibilityGlobals) = postSolution
		SolutionGuid = {6EC4D0E1-EE40-4FD9-B9AB-D778E55BF49C}
	EndGlobalSection
EndGlobal
